Microsoft Visual Studio Solution File, Format Version 12.00
# Visual Studio Version 17
VisualStudioVersion = 17.5.2.0
MinimumVisualStudioVersion = 10.0.40219.1
Project("{2150E333-8FDC-42A3-9474-1A3956D46DE8}") = "sila_csharpconverter", "sila_csharpconverter", "{941C168D-2E1E-AAEF-74DC-88FBD60F7054}"
EndProject
Project("{FAE04EC0-301F-11D3-BF4B-00C04F79EFBC}") = "SiLAConverter", "sila_csharpconverter\csharpExamp\SiLAConverter.csproj", "{D306057A-DD13-1594-5DA3-5B41B79F92F0}"
EndProject
Global
	GlobalSection(SolutionConfigurationPlatforms) = preSolution
		Debug|Any CPU = Debug|Any CPU
		Release|Any CPU = Release|Any CPU
	EndGlobalSection
	GlobalSection(ProjectConfigurationPlatforms) = postSolution
		{D306057A-DD13-1594-5DA3-5B41B79F92F0}.Debug|Any CPU.ActiveCfg = Debug|Any CPU
		{D306057A-DD13-1594-5DA3-5B41B79F92F0}.Debug|Any CPU.Build.0 = Debug|Any CPU
		{D306057A-DD13-1594-5DA3-5B41B79F92F0}.Release|Any CPU.ActiveCfg = Release|Any CPU
		{D306057A-DD13-1594-5DA3-5B41B79F92F0}.Release|Any CPU.Build.0 = Release|Any CPU
	EndGlobalSection
	GlobalSection(SolutionProperties) = preSolution
		HideSolutionNode = FALSE
	EndGlobalSection
	GlobalSection(NestedProjects) = preSolution
		{D306057A-DD13-1594-5DA3-5B41B79F92F0} = {941C168D-2E1E-AAEF-74DC-88FBD60F7054}
	EndGlobalSection
	GlobalSection(ExtensibilityGlobals) = postSolution
		SolutionGuid = {040B390D-C403-41FF-9C09-545661B8168D}
	EndGlobalSection
EndGlobal
